{
  "version": 4,
  "terraform_version": "1.5.7",
  "serial": 216,
  "lineage": "7918e32f-2eee-d947-f879-00d29a35876b",
  "outputs": {},
  "resources": [
    {
      "module": "module.network.module.subnets",
      "mode": "managed",
      "type": "google_compute_subnetwork",
      "name": "subnetwork",
      "provider": "provider[\"registry.terraform.io/hashicorp/google\"]",
      "instances": [
        {
          "index_key": "us-east1/c2-nodes-subnet",
          "schema_version": 0,
          "attributes": {
            "creation_timestamp": "2023-09-26T05:28:17.755-07:00",
            "description": "",
            "external_ipv6_prefix": "",
            "fingerprint": null,
            "gateway_address": "10.10.32.1",
            "id": "projects/km1-runcloud/regions/us-east1/subnetworks/c2-nodes-subnet",
            "ip_cidr_range": "10.10.32.0/21",
            "ipv6_access_type": "",
            "ipv6_cidr_range": "",
            "log_config": [],
            "name": "c2-nodes-subnet",
            "network": "https://www.googleapis.com/compute/v1/projects/km1-runcloud/global/networks/vpc01",
            "private_ip_google_access": true,
            "private_ipv6_google_access": "DISABLE_GOOGLE_ACCESS",
            "project": "km1-runcloud",
            "purpose": "PRIVATE",
            "region": "us-east1",
            "role": "",
            "secondary_ip_range": [
              {
                "ip_cidr_range": "10.10.48.0/20",
                "range_name": "c2-pods-range"
              },
              {
                "ip_cidr_range": "10.10.40.0/21",
                "range_name": "c2-svc-range"
              }
            ],
            "self_link": "https://www.googleapis.com/compute/v1/projects/km1-runcloud/regions/us-east1/subnetworks/c2-nodes-subnet",
            "stack_type": "IPV4_ONLY",
            "timeouts": null
          },
          "sensitive_attributes": [],
          "private": "eyJlMmJmYjczMC1lY2FhLTExZTYtOGY4OC0zNDM2M2JjN2M0YzAiOnsiY3JlYXRlIjoxMjAwMDAwMDAwMDAwLCJkZWxldGUiOjEyMDAwMDAwMDAwMDAsInVwZGF0ZSI6MTIwMDAwMDAwMDAwMH19",
          "dependencies": [
            "module.network.module.vpc.google_compute_network.network"
          ]
        },
        {
          "index_key": "us-west1/c1-nodes-subnet",
          "schema_version": 0,
          "attributes": {
            "creation_timestamp": "2023-09-26T05:28:18.440-07:00",
            "description": "",
            "external_ipv6_prefix": "",
            "fingerprint": null,
            "gateway_address": "10.10.0.1",
            "id": "projects/km1-runcloud/regions/us-west1/subnetworks/c1-nodes-subnet",
            "ip_cidr_range": "10.10.0.0/21",
            "ipv6_access_type": "",
            "ipv6_cidr_range": "",
            "log_config": [],
            "name": "c1-nodes-subnet",
            "network": "https://www.googleapis.com/compute/v1/projects/km1-runcloud/global/networks/vpc01",
            "private_ip_google_access": true,
            "private_ipv6_google_access": "DISABLE_GOOGLE_ACCESS",
            "project": "km1-runcloud",
            "purpose": "PRIVATE",
            "region": "us-west1",
            "role": "",
            "secondary_ip_range": [
              {
                "ip_cidr_range": "10.10.16.0/20",
                "range_name": "c1-pods-range"
              },
              {
                "ip_cidr_range": "10.10.8.0/21",
                "range_name": "c1-svc-range"
              }
            ],
            "self_link": "https://www.googleapis.com/compute/v1/projects/km1-runcloud/regions/us-west1/subnetworks/c1-nodes-subnet",
            "stack_type": "IPV4_ONLY",
            "timeouts": null
          },
          "sensitive_attributes": [],
          "private": "eyJlMmJmYjczMC1lY2FhLTExZTYtOGY4OC0zNDM2M2JjN2M0YzAiOnsiY3JlYXRlIjoxMjAwMDAwMDAwMDAwLCJkZWxldGUiOjEyMDAwMDAwMDAwMDAsInVwZGF0ZSI6MTIwMDAwMDAwMDAwMH19",
          "dependencies": [
            "module.network.module.vpc.google_compute_network.network"
          ]
        }
      ]
    },
    {
      "module": "module.network.module.vpc",
      "mode": "managed",
      "type": "google_compute_network",
      "name": "network",
      "provider": "provider[\"registry.terraform.io/hashicorp/google\"]",
      "instances": [
        {
          "schema_version": 0,
          "attributes": {
            "auto_create_subnetworks": false,
            "delete_default_routes_on_create": false,
            "description": "",
            "enable_ula_internal_ipv6": false,
            "gateway_ipv4": "",
            "id": "projects/km1-runcloud/global/networks/vpc01",
            "internal_ipv6_range": "",
            "mtu": 0,
            "name": "vpc01",
            "network_firewall_policy_enforcement_order": "AFTER_CLASSIC_FIREWALL",
            "project": "km1-runcloud",
            "routing_mode": "GLOBAL",
            "self_link": "https://www.googleapis.com/compute/v1/projects/km1-runcloud/global/networks/vpc01",
            "timeouts": null
          },
          "sensitive_attributes": [],
          "private": "eyJlMmJmYjczMC1lY2FhLTExZTYtOGY4OC0zNDM2M2JjN2M0YzAiOnsiY3JlYXRlIjoxMjAwMDAwMDAwMDAwLCJkZWxldGUiOjEyMDAwMDAwMDAwMDAsInVwZGF0ZSI6MTIwMDAwMDAwMDAwMH19"
        }
      ]
    }
  ],
  "check_results": null
}
